
Microsoft Visual Studio Solution File, Format Version 12.00
# Visual Studio 15
VisualStudioVersion = 15.0.27428.2015
MinimumVisualStudioVersion = 10.0.40219.1
Project("{FAE04EC0-301F-11D3-BF4B-00C04F79EFBC}") = "TestMergeConsoleApp1", "TestMergeConsoleApp1\TestMergeConsoleApp1.csproj", "{F59CC35E-180D-4B57-8715-DCC32E4862F4}"
EndProject
Global
	GlobalSection(SolutionConfigurationPlatforms) = preSolution
		Debug|Any CPU = Debug|Any CPU
		Release|Any CPU = Release|Any CPU
	EndGlobalSection
	GlobalSection(ProjectConfigurationPlatforms) = postSolution
		{F59CC35E-180D-4B57-8715-DCC32E4862F4}.Debug|Any CPU.ActiveCfg = Debug|Any CPU
		{F59CC35E-180D-4B57-8715-DCC32E4862F4}.Debug|Any CPU.Build.0 = Debug|Any CPU
		{F59CC35E-180D-4B57-8715-DCC32E4862F4}.Release|Any CPU.ActiveCfg = Release|Any CPU
		{F59CC35E-180D-4B57-8715-DCC32E4862F4}.Release|Any CPU.Build.0 = Release|Any CPU
	EndGlobalSection
	GlobalSection(SolutionProperties) = preSolution
		HideSolutionNode = FALSE
	EndGlobalSection
	GlobalSection(ExtensibilityGlobals) = postSolution
		SolutionGuid = {F8FDF5A3-9473-43AC-BFB8-9443119882E0}
	EndGlobalSection
EndGlobal
